
Microsoft Visual Studio Solution File, Format Version 12.00
# Visual Studio Version 16
VisualStudioVersion = 16.0.30204.135
MinimumVisualStudioVersion = 10.0.40219.1
Project("{FAE04EC0-301F-11D3-BF4B-00C04F79EFBC}") = "TestTask", "TestTask\TestTask.csproj", "{686437A0-F77A-4CF3-998E-48C8E9BFAEDC}"
EndProject
Project("{FAE04EC0-301F-11D3-BF4B-00C04F79EFBC}") = "TestTask.Tests", "TestTask.Tests\TestTask.Tests.csproj", "{654C9D9B-9E2F-4E34-B133-5BD561F41F32}"
	ProjectSection(ProjectDependencies) = postProject
		{686437A0-F77A-4CF3-998E-48C8E9BFAEDC} = {686437A0-F77A-4CF3-998E-48C8E9BFAEDC}
	EndProjectSection
EndProject
Global
	GlobalSection(SolutionConfigurationPlatforms) = preSolution
		Debug|Any CPU = Debug|Any CPU
		Release|Any CPU = Release|Any CPU
	EndGlobalSection
	GlobalSection(ProjectConfigurationPlatforms) = postSolution
		{686437A0-F77A-4CF3-998E-48C8E9BFAEDC}.Debug|Any CPU.ActiveCfg = Debug|Any CPU
		{686437A0-F77A-4CF3-998E-48C8E9BFAEDC}.Debug|Any CPU.Build.0 = Debug|Any CPU
		{686437A0-F77A-4CF3-998E-48C8E9BFAEDC}.Release|Any CPU.ActiveCfg = Release|Any CPU
		{686437A0-F77A-4CF3-998E-48C8E9BFAEDC}.Release|Any CPU.Build.0 = Release|Any CPU
		{654C9D9B-9E2F-4E34-B133-5BD561F41F32}.Debug|Any CPU.ActiveCfg = Debug|Any CPU
		{654C9D9B-9E2F-4E34-B133-5BD561F41F32}.Debug|Any CPU.Build.0 = Debug|Any CPU
		{654C9D9B-9E2F-4E34-B133-5BD561F41F32}.Release|Any CPU.ActiveCfg = Release|Any CPU
		{654C9D9B-9E2F-4E34-B133-5BD561F41F32}.Release|Any CPU.Build.0 = Release|Any CPU
	EndGlobalSection
	GlobalSection(SolutionProperties) = preSolution
		HideSolutionNode = FALSE
	EndGlobalSection
	GlobalSection(ExtensibilityGlobals) = postSolution
		SolutionGuid = {A5279E27-0D72-4BE5-8648-A781E9704B6C}
	EndGlobalSection
EndGlobal
